
Microsoft Visual Studio Solution File, Format Version 12.00
# Visual Studio Version 17
VisualStudioVersion = 17.6.33723.286
MinimumVisualStudioVersion = 10.0.40219.1
Project("{FAE04EC0-301F-11D3-BF4B-00C04F79EFBC}") = "AutoImplimented", "AutoImplimented\AutoImplimented.csproj", "{C08D5BBE-C0BC-4D92-98A4-DABD699534DB}"
EndProject
Global
	GlobalSection(SolutionConfigurationPlatforms) = preSolution
		Debug|Any CPU = Debug|Any CPU
		Release|Any CPU = Release|Any CPU
	EndGlobalSection
	GlobalSection(ProjectConfigurationPlatforms) = postSolution
		{C08D5BBE-C0BC-4D92-98A4-DABD699534DB}.Debug|Any CPU.ActiveCfg = Debug|Any CPU
		{C08D5BBE-C0BC-4D92-98A4-DABD699534DB}.Debug|Any CPU.Build.0 = Debug|Any CPU
		{C08D5BBE-C0BC-4D92-98A4-DABD699534DB}.Release|Any CPU.ActiveCfg = Release|Any CPU
		{C08D5BBE-C0BC-4D92-98A4-DABD699534DB}.Release|Any CPU.Build.0 = Release|Any CPU
	EndGlobalSection
	GlobalSection(SolutionProperties) = preSolution
		HideSolutionNode = FALSE
	EndGlobalSection
	GlobalSection(ExtensibilityGlobals) = postSolution
		SolutionGuid = {78B2F7CF-A66B-4134-9D2C-CA85F7955357}
	EndGlobalSection
EndGlobal
